{
  "version": "5",
  "redirects": {
    "https://esm.sh/@supabase/supabase-js@2": "https://esm.sh/@supabase/supabase-js@2.111.0"
  },
  "remote": {
    "https://deno.land/std@0.168.0/async/abortable.ts": "80b2ac399f142cc528f95a037a7d0e653296352d95c681e284533765961de409",
    "https://deno.land/std@0.168.0/async/deadline.ts": "2c2deb53c7c28ca1dda7a3ad81e70508b1ebc25db52559de6b8636c9278fd41f",
    "https://deno.land/std@0.168.0/async/debounce.ts": "60301ffb37e730cd2d6f9dadfd0ecb2a38857681bd7aaf6b0a106b06e5210a98",
    "https://deno.land/std@0.168.0/async/deferred.ts": "77d3f84255c3627f1cc88699d8472b664d7635990d5358c4351623e098e917d6",
    "https://deno.land/std@0.168.0/async/delay.ts": "5a9bfba8de38840308a7a33786a0155a7f6c1f7a859558ddcec5fe06e16daf57",
    "https://deno.land/std@0.168.0/async/mod.ts": "7809ad4bb223e40f5fdc043e5c7ca04e0e25eed35c32c3c32e28697c553fa6d9",
    "https://deno.land/std@0.168.0/async/mux_async_iterator.ts": "770a0ff26c59f8bbbda6b703a2235f04e379f73238e8d66a087edc68c2a2c35f",
    "https://deno.land/std@0.168.0/async/pool.ts": "6854d8cd675a74c73391c82005cbbe4cc58183bddcd1fbbd7c2bcda42b61cf69",
    "https://deno.land/std@0.168.0/async/retry.ts": "e8e5173623915bbc0ddc537698fa418cf875456c347eda1ed453528645b42e67",
    "https://deno.land/std@0.168.0/async/tee.ts": "3a47cc4e9a940904fd4341f0224907e199121c80b831faa5ec2b054c6d2eff5e",
    "https://deno.land/std@0.168.0/http/server.ts": "e99c1bee8a3f6571ee4cdeb2966efad465b8f6fe62bec1bdb59c1f007cc4d155",
    "https://esm.sh/@supabase/supabase-js@2.111.0": "276104e20b7318fac2be1c67eb9be93f4280f5ec9f2fc5ac7b32e1f0ed6f31ba"
  },
  "workspace": {
    "packageJson": {
      "dependencies": [
        "npm:@apollo/client@^3.4.10",
        "npm:@babel/core@^7.25.2",
        "npm:@expo-google-fonts/inter@~0.4.1",
        "npm:@expo/metro-runtime@5.0.5",
        "npm:@expo/styleguide-native@^1.0.1",
        "npm:@expo/vector-icons@14",
        "npm:@gorhom/bottom-sheet@4.4.6",
        "npm:@graphql-codegen/introspection@^2.1.1",
        "npm:@lucide/lab@~0.1.2",
        "npm:@privacyresearch/libsignal-protocol-typescript@0.0.16",
        "npm:@react-native-async-storage/async-storage@2.1.2",
        "npm:@react-native-clipboard/clipboard@^1.16.3",
        "npm:@react-native-community/datetimepicker@^8.4.1",
        "npm:@react-native-community/netinfo@11.4.1",
        "npm:@react-native-community/slider@4.5.6",
        "npm:@react-native-masked-view/masked-view@0.3.2",
        "npm:@react-native-picker/picker@2.11.1",
        "npm:@react-native-segmented-control/segmented-control@2.5.7",
        "npm:@react-navigation/bottom-tabs@^7.3.10",
        "npm:@react-navigation/core@7.8.5",
        "npm:@react-navigation/drawer@^7.3.9",
        "npm:@react-navigation/elements@2.3.8",
        "npm:@react-navigation/native-stack@^7.3.10",
        "npm:@react-navigation/native@^7.1.6",
        "npm:@react-navigation/routers@7.3.5",
        "npm:@react-navigation/stack@7.2.10",
        "npm:@shopify/flash-list@1.7.6",
        "npm:@shopify/react-native-skia@2.0.0-next.4",
        "npm:@stripe/stripe-react-native@0.45.0",
        "npm:@supabase/supabase-js@^2.50.0",
        "npm:@types/bcryptjs@^2.4.6",
        "npm:@types/react@~19.0.10",
        "npm:bcryptjs@^3.0.3",
        "npm:date-fns@^2.28.0",
        "npm:dedent@0.7",
        "npm:es6-error@^4.1.1",
        "npm:eslint-config-expo@9.2",
        "npm:eslint@^9.25.0",
        "npm:expo-application@~6.1.4",
        "npm:expo-asset@~11.1.7",
        "npm:expo-audio@~0.4.6",
        "npm:expo-auth-session@~6.2.1",
        "npm:expo-av@~15.1.2",
        "npm:expo-blur@~14.1.4",
        "npm:expo-camera@~16.1.11",
        "npm:expo-clipboard@^7.1.5",
        "npm:expo-constants@~17.1.8",
        "npm:expo-crypto@^14.1.5",
        "npm:expo-device@~7.1.4",
        "npm:expo-document-picker@^13.1.5",
        "npm:expo-file-system@~18.1.11",
        "npm:expo-font@~13.3.2",
        "npm:expo-gl@~15.1.7",
        "npm:expo-haptics@~14.1.4",
        "npm:expo-image-manipulator@^13.1.7",
        "npm:expo-image-picker@^16.1.4",
        "npm:expo-image@~2.4.1",
        "npm:expo-linear-gradient@~14.1.4",
        "npm:expo-linking@^7.1.7",
        "npm:expo-localization@~16.1.6",
        "npm:expo-mail-composer@^14.1.5",
        "npm:expo-manifests@~0.16.6",
        "npm:expo-media-library@^17.1.7",
        "npm:expo-navigation-bar@~4.2.7",
        "npm:expo-network@^7.1.5",
        "npm:expo-notifications@~0.31.2",
        "npm:expo-print@~14.1.4",
        "npm:expo-router@~5.1.11",
        "npm:expo-screen-capture@7.2",
        "npm:expo-screen-orientation@^8.1.7",
        "npm:expo-secure-store@^14.2.3",
        "npm:expo-sharing@~13.1.5",
        "npm:expo-speech@~13.1.7",
        "npm:expo-splash-screen@~0.30.10",
        "npm:expo-sqlite@^15.2.13",
        "npm:expo-status-bar@~2.2.3",
        "npm:expo-store-review@~8.1.5",
        "npm:expo-symbols@~0.4.5",
        "npm:expo-system-ui@~5.0.11",
        "npm:expo-task-manager@~13.1.5",
        "npm:expo-updates@~0.28.18",
        "npm:expo-video@~2.2.2",
        "npm:expo-web-browser@14.2",
        "npm:expo@~53.0.27",
        "npm:graphql@^15.3.0",
        "npm:immutable@4",
        "npm:lottie-react-native@7.2.2",
        "npm:lucide-react-native@0.475",
        "npm:nativewind@^4.1.23",
        "npm:path-to-regexp@^1.9.0",
        "npm:prop-types@^15.7.2",
        "npm:querystring@0.2",
        "npm:react-dev-inspector@^2.0.1",
        "npm:react-dom@19.0.0",
        "npm:react-native-calendars@^1.1312.1",
        "npm:react-native-chart-kit@6.12.0",
        "npm:react-native-crypto-js@1",
        "npm:react-native-dynamic@1",
        "npm:react-native-edge-to-edge@1.6.0",
        "npm:react-native-elements@^3.4.3",
        "npm:react-native-fade-in-image@^1.6.1",
        "npm:react-native-gesture-handler@2.24",
        "npm:react-native-infinite-scroll-view@~0.4.5",
        "npm:react-native-keyboard-aware-scroll-view@~0.9.5",
        "npm:react-native-keyboard-controller@^1.17.5",
        "npm:react-native-maps@1.20.1",
        "npm:react-native-markdown-display@^7.0.2",
        "npm:react-native-pager-view@6.7.1",
        "npm:react-native-paper@^5.12.5",
        "npm:react-native-qrcode-svg@^6.3.15",
        "npm:react-native-reanimated@3.17.4",
        "npm:react-native-safe-area-context@5.4.0",
        "npm:react-native-screens@~4.11.1",
        "npm:react-native-super-grid@^6.0.1",
        "npm:react-native-svg@15.11.2",
        "npm:react-native-url-polyfill@2",
        "npm:react-native-vector-icons@^10.2.0",
        "npm:react-native-view-shot@4.0.3",
        "npm:react-native-web@0.20",
        "npm:react-native-webrtc@^124.0.6",
        "npm:react-native-webview@13.13.5",
        "npm:react-native@0.79.6",
        "npm:react-redux@^7.2.0",
        "npm:react-refresh@0.17",
        "npm:react-string-replace@~0.4.4",
        "npm:react@19.0.0",
        "npm:redux-thunk@^2.3.0",
        "npm:redux@^4.0.5",
        "npm:semver@^7.6.0",
        "npm:snack-content@^3.2.0",
        "npm:ts-node@^10.9.2",
        "npm:tslib@2.6.2",
        "npm:typescript@~5.8.3",
        "npm:url@0.11",
        "npm:zustand@^5.0.2"
      ]
    }
  }
}
